
Microsoft Visual Studio Solution File, Format Version 12.00
# Visual Studio Version 17
VisualStudioVersion = 17.4.33205.214
MinimumVisualStudioVersion = 10.0.40219.1
Project("{FAE04EC0-301F-11D3-BF4B-00C04F79EFBC}") = "ProjetoFinal", "ProjetoFinal.csproj", "{F068B30E-A38E-4FB2-B4BC-1AE2B5F3D0E1}"
EndProject
Global
	GlobalSection(SolutionConfigurationPlatforms) = preSolution
		Debug|Any CPU = Debug|Any CPU
		Release|Any CPU = Release|Any CPU
	EndGlobalSection
	GlobalSection(ProjectConfigurationPlatforms) = postSolution
		{F068B30E-A38E-4FB2-B4BC-1AE2B5F3D0E1}.Debug|Any CPU.ActiveCfg = Debug|Any CPU
		{F068B30E-A38E-4FB2-B4BC-1AE2B5F3D0E1}.Debug|Any CPU.Build.0 = Debug|Any CPU
		{F068B30E-A38E-4FB2-B4BC-1AE2B5F3D0E1}.Release|Any CPU.ActiveCfg = Release|Any CPU
		{F068B30E-A38E-4FB2-B4BC-1AE2B5F3D0E1}.Release|Any CPU.Build.0 = Release|Any CPU
	EndGlobalSection
	GlobalSection(SolutionProperties) = preSolution
		HideSolutionNode = FALSE
	EndGlobalSection
	GlobalSection(ExtensibilityGlobals) = postSolution
		SolutionGuid = {563A3810-2DAC-4555-93BB-3DB1C2D0A20D}
	EndGlobalSection
EndGlobal
